
Microsoft Visual Studio Solution File, Format Version 12.00
# Visual Studio Version 17
VisualStudioVersion = 17.1.32319.34
MinimumVisualStudioVersion = 10.0.40219.1
Project("{FAE04EC0-301F-11D3-BF4B-00C04F79EFBC}") = "Emlakci.EmlakciLib", "Emlakci.EmlakciLib\Emlakci.EmlakciLib.csproj", "{FF3AC2CD-F836-4134-AEA4-1591125B81A2}"
EndProject
Project("{FAE04EC0-301F-11D3-BF4B-00C04F79EFBC}") = "Emlakci.App", "Emlakci.App\Emlakci.App.csproj", "{C5901041-9591-43C1-81CC-F9E7955085CB}"
EndProject
Global
	GlobalSection(SolutionConfigurationPlatforms) = preSolution
		Debug|Any CPU = Debug|Any CPU
		Release|Any CPU = Release|Any CPU
	EndGlobalSection
	GlobalSection(ProjectConfigurationPlatforms) = postSolution
		{FF3AC2CD-F836-4134-AEA4-1591125B81A2}.Debug|Any CPU.ActiveCfg = Debug|Any CPU
		{FF3AC2CD-F836-4134-AEA4-1591125B81A2}.Debug|Any CPU.Build.0 = Debug|Any CPU
		{FF3AC2CD-F836-4134-AEA4-1591125B81A2}.Release|Any CPU.ActiveCfg = Release|Any CPU
		{FF3AC2CD-F836-4134-AEA4-1591125B81A2}.Release|Any CPU.Build.0 = Release|Any CPU
		{C5901041-9591-43C1-81CC-F9E7955085CB}.Debug|Any CPU.ActiveCfg = Debug|Any CPU
		{C5901041-9591-43C1-81CC-F9E7955085CB}.Debug|Any CPU.Build.0 = Debug|Any CPU
		{C5901041-9591-43C1-81CC-F9E7955085CB}.Release|Any CPU.ActiveCfg = Release|Any CPU
		{C5901041-9591-43C1-81CC-F9E7955085CB}.Release|Any CPU.Build.0 = Release|Any CPU
	EndGlobalSection
	GlobalSection(SolutionProperties) = preSolution
		HideSolutionNode = FALSE
	EndGlobalSection
	GlobalSection(ExtensibilityGlobals) = postSolution
		SolutionGuid = {65F0E52E-2787-4316-8A03-66D638607803}
	EndGlobalSection
EndGlobal
